
Microsoft Visual Studio Solution File, Format Version 12.00
# Visual Studio Version 16
VisualStudioVersion = 16.0.28902.138
MinimumVisualStudioVersion = 10.0.40219.1
Project("{FAE04EC0-301F-11D3-BF4B-00C04F79EFBC}") = "Leases", "Leases\Leases.csproj", "{5D77F903-5252-42BF-8ECE-0DB146086372}"
EndProject
Global
	GlobalSection(SolutionConfigurationPlatforms) = preSolution
		Debug|Any CPU = Debug|Any CPU
		Release|Any CPU = Release|Any CPU
	EndGlobalSection
	GlobalSection(ProjectConfigurationPlatforms) = postSolution
		{5D77F903-5252-42BF-8ECE-0DB146086372}.Debug|Any CPU.ActiveCfg = Debug|Any CPU
		{5D77F903-5252-42BF-8ECE-0DB146086372}.Debug|Any CPU.Build.0 = Debug|Any CPU
		{5D77F903-5252-42BF-8ECE-0DB146086372}.Release|Any CPU.ActiveCfg = Release|Any CPU
		{5D77F903-5252-42BF-8ECE-0DB146086372}.Release|Any CPU.Build.0 = Release|Any CPU
	EndGlobalSection
	GlobalSection(SolutionProperties) = preSolution
		HideSolutionNode = FALSE
	EndGlobalSection
	GlobalSection(ExtensibilityGlobals) = postSolution
		SolutionGuid = {04ED836E-6157-47CE-A8DE-F575A7D751ED}
	EndGlobalSection
EndGlobal
